// !$*UTF8*$!
{
	archiveVersion = 1;
	classes = {
	};
	objectVersion = 46;
	objects = {

/* Begin PBXBuildFile section */
		65E4077A1EAF8793006279B9 /* AppDelegate.swift in Sources */ = {isa = PBXBuildFile; fileRef = 65E407791EAF8793006279B9 /* AppDelegate.swift */; };
		65E4077C1EAF8793006279B9 /* FaceViewController.swift in Sources */ = {isa = PBXBuildFile; fileRef = 65E4077B1EAF8793006279B9 /* FaceViewController.swift */; };
		65E4077F1EAF8793006279B9 /* Main.storyboard in Resources */ = {isa = PBXBuildFile; fileRef = 65E4077D1EAF8793006279B9 /* Main.storyboard */; };
		65E407811EAF8793006279B9 /* Assets.xcassets in Resources */ = {isa = PBXBuildFile; fileRef = 65E407801EAF8793006279B9 /* Assets.xcassets */; };
		65E407841EAF8793006279B9 /* LaunchScreen.storyboard in Resources */ = {isa = PBXBuildFile; fileRef = 65E407821EAF8793006279B9 /* LaunchScreen.storyboard */; };
		65E4078D1EAF893D006279B9 /* FaceView.swift in Sources */ = {isa = PBXBuildFile; fileRef = 65E4078C1EAF893D006279B9 /* FaceView.swift */; };
/* End PBXBuildFile section */

/* Begin PBXFileReference section */
		65E407761EAF8793006279B9 /* views.app */ = {isa = PBXFileReference; explicitFileType = wrapper.application; includeInIndex = 0; path = views.app; sourceTree = BUILT_PRODUCTS_DIR; };
		65E407791EAF8793006279B9 /* AppDelegate.swift */ = {isa = PBXFileReference; lastKnownFileType = sourcecode.swift; path = AppDelegate.swift; sourceTree = "<group>"; };
		65E4077B1EAF8793006279B9 /* FaceViewController.swift */ = {isa = PBXFileReference; lastKnownFileType = sourcecode.swift; path = FaceViewController.swift; sourceTree = "<group>"; };
		65E4077E1EAF8793006279B9 /* Base */ = {isa = PBXFileReference; lastKnownFileType = file.storyboard; name = Base; path = Base.lproj/Main.storyboard; sourceTree = "<group>"; };
		65E407801EAF8793006279B9 /* Assets.xcassets */ = {isa = PBXFileReference; lastKnownFileType = folder.assetcatalog; path = Assets.xcassets; sourceTree = "<group>"; };
		65E407831EAF8793006279B9 /* Base */ = {isa = PBXFileReference; lastKnownFileType = file.storyboard; name = Base; path = Base.lproj/LaunchScreen.storyboard; sourceTree = "<group>"; };
		65E407851EAF8793006279B9 /* Info.plist */ = {isa = PBXFileReference; lastKnownFileType = text.plist.xml; path = Info.plist; sourceTree = "<group>"; };
		65E4078C1EAF893D006279B9 /* FaceView.swift */ = {isa = PBXFileReference; fileEncoding = 4; lastKnownFileType = sourcecode.swift; path = FaceView.swift; sourceTree = "<group>"; };
/* End PBXFileReference section */

/* Begin PBXFrameworksBuildPhase section */
		65E407731EAF8792006279B9 /* Frameworks */ = {
			isa = PBXFrameworksBuildPhase;
			buildActionMask = 2147483647;
			files = (
			);
			runOnlyForDeploymentPostprocessing = 0;
		};
/* End PBXFrameworksBuildPhase section */

/* Begin PBXGroup section */
		65E4076D1EAF8792006279B9 = {
			isa = PBXGroup;
			children = (
				65E407781EAF8793006279B9 /* views */,
				65E407771EAF8793006279B9 /* Products */,
			);
			sourceTree = "<group>";
		};
		65E407771EAF8793006279B9 /* Products */ = {
			isa = PBXGroup;
			children = (
				65E407761EAF8793006279B9 /* views.app */,
			);
			name = Products;
			sourceTree = "<group>";
		};
		65E407781EAF8793006279B9 /* views */ = {
			isa = PBXGroup;
			children = (
				65E4077B1EAF8793006279B9 /* FaceViewController.swift */,
				65E4077D1EAF8793006279B9 /* Main.storyboard */,
				65E4078B1EAF87D0006279B9 /* Support Files */,
				65E4078C1EAF893D006279B9 /* FaceView.swift */,
			);
			path = views;
			sourceTree = "<group>";
		};
		65E4078B1EAF87D0006279B9 /* Support Files */ = {
			isa = PBXGroup;
			children = (
				65E407791EAF8793006279B9 /* AppDelegate.swift */,
				65E407801EAF8793006279B9 /* Assets.xcassets */,
				65E407821EAF8793006279B9 /* LaunchScreen.storyboard */,
				65E407851EAF8793006279B9 /* Info.plist */,
			);
			name = "Support Files";
			sourceTree = "<group>";
		};
/* End PBXGroup section */

/* Begin PBXNativeTarget section */
		65E407751EAF8792006279B9 /* views */ = {
			isa = PBXNativeTarget;
			buildConfigurationList = 65E407881EAF8793006279B9 /* Build configuration list for PBXNativeTarget "views" */;
			buildPhases = (
				65E407721EAF8792006279B9 /* Sources */,
				65E407731EAF8792006279B9 /* Frameworks */,
				65E407741EAF8792006279B9 /* Resources */,
			);
			buildRules = (
			);
			dependencies = (
			);
			name = views;
			productName = views;
			productReference = 65E407761EAF8793006279B9 /* views.app */;
			productType = "com.apple.product-type.application";
		};
/* End PBXNativeTarget section */

/* Begin PBXProject section */
		65E4076E1EAF8792006279B9 /* Project object */ = {
			isa = PBXProject;
			attributes = {
				LastSwiftUpdateCheck = 0730;
				LastUpgradeCheck = 0730;
				ORGANIZATIONNAME = DanielFR;
				TargetAttributes = {
					65E407751EAF8792006279B9 = {
						CreatedOnToolsVersion = 7.3.1;
					};
				};
			};
			buildConfigurationList = 65E407711EAF8792006279B9 /* Build configuration list for PBXProject "views" */;
			compatibilityVersion = "Xcode 3.2";
			developmentRegion = English;
			hasScannedForEncodings = 0;
			knownRegions = (
				en,
				Base,
			);
			mainGroup = 65E4076D1EAF8792006279B9;
			productRefGroup = 65E407771EAF8793006279B9 /* Products */;
			projectDirPath = "";
			projectRoot = "";
			targets = (
				65E407751EAF8792006279B9 /* views */,
			);
		};
/* End PBXProject section */

/* Begin PBXResourcesBuildPhase section */
		65E407741EAF8792006279B9 /* Resources */ = {
			isa = PBXResourcesBuildPhase;
			buildActionMask = 2147483647;
			files = (
				65E407841EAF8793006279B9 /* LaunchScreen.storyboard in Resources */,
				65E407811EAF8793006279B9 /* Assets.xcassets in Resources */,
				65E4077F1EAF8793006279B9 /* Main.storyboard in Resources */,
			);
			runOnlyForDeploymentPostprocessing = 0;
		};
/* End PBXResourcesBuildPhase section */

/* Begin PBXSourcesBuildPhase section */
		65E407721EAF8792006279B9 /* Sources */ = {
			isa = PBXSourcesBuildPhase;
			buildActionMask = 2147483647;
			files = (
				65E4077C1EAF8793006279B9 /* FaceViewController.swift in Sources */,
				65E4077A1EAF8793006279B9 /* AppDelegate.swift in Sources */,
				65E4078D1EAF893D006279B9 /* FaceView.swift in Sources */,
			);
			runOnlyForDeploymentPostprocessing = 0;
		};
/* End PBXSourcesBuildPhase section */

/* Begin PBXVariantGroup section */
		65E4077D1EAF8793006279B9 /* Main.storyboard */ = {
			isa = PBXVariantGroup;
			children = (
				65E4077E1EAF8793006279B9 /* Base */,
			);
			name = Main.storyboard;
			sourceTree = "<group>";
		};
		65E407821EAF8793006279B9 /* LaunchScreen.storyboard */ = {
			isa = PBXVariantGroup;
			children = (
				65E407831EAF8793006279B9 /* Base */,
			);
			name = LaunchScreen.storyboard;
			sourceTree = "<group>";
		};
/* End PBXVariantGroup section */

/* Begin XCBuildConfiguration section */
		65E407861EAF8793006279B9 /* Debug */ = {
			isa = XCBuildConfiguration;
			buildSettings = {
				ALWAYS_SEARCH_USER_PATHS = NO;
				CLANG_ANALYZER_NONNULL = YES;
				CLANG_CXX_LANGUAGE_STANDARD = "gnu++0x";
				CLANG_CXX_LIBRARY = "libc++";
				CLANG_ENABLE_MODULES = YES;
				CLANG_ENABLE_OBJC_ARC = YES;
				CLANG_WARN_BOOL_CONVERSION = YES;
				CLANG_WARN_CONSTANT_CONVERSION = YES;
				CLANG_WARN_DIRECT_OBJC_ISA_USAGE = YES_ERROR;
				CLANG_WARN_EMPTY_BODY = YES;
				CLANG_WARN_ENUM_CONVERSION = YES;
				CLANG_WARN_INT_CONVERSION = YES;
				CLANG_WARN_OBJC_ROOT_CLASS = YES_ERROR;
				CLANG_WARN_UNREACHABLE_CODE = YES;
				CLANG_WARN__DUPLICATE_METHOD_MATCH = YES;
				"CODE_SIGN_IDENTITY[sdk=iphoneos*]" = "iPhone Developer";
				COPY_PHASE_STRIP = NO;
				DEBUG_INFORMATION_FORMAT = dwarf;
				ENABLE_STRICT_OBJC_MSGSEND = YES;
				ENABLE_TESTABILITY = YES;
				GCC_C_LANGUAGE_STANDARD = gnu99;
				GCC_DYNAMIC_NO_PIC = NO;
				GCC_NO_COMMON_BLOCKS = YES;
				GCC_OPTIMIZATION_LEVEL = 0;
				GCC_PREPROCESSOR_DEFINITIONS = (
					"DEBUG=1",
					"$(inherited)",
				);
				GCC_WARN_64_TO_32_BIT_CONVERSION = YES;
				GCC_WARN_ABOUT_RETURN_TYPE = YES_ERROR;
				GCC_WARN_UNDECLARED_SELECTOR = YES;
				GCC_WARN_UNINITIALIZED_AUTOS = YES_AGGRESSIVE;
				GCC_WARN_UNUSED_FUNCTION = YES;
				GCC_WARN_UNUSED_VARIABLE = YES;
				IPHONEOS_DEPLOYMENT_TARGET = 9.3;
				MTL_ENABLE_DEBUG_INFO = YES;
				ONLY_ACTIVE_ARCH = YES;
				SDKROOT = iphoneos;
				SWIFT_OPTIMIZATION_LEVEL = "-Onone";
				TARGETED_DEVICE_FAMILY = "1,2";
			};
			name = Debug;
		};
		65E407871EAF8793006279B9 /* Release */ = {
			isa = XCBuildConfiguration;
			buildSettings = {
				ALWAYS_SEARCH_USER_PATHS = NO;
				CLANG_ANALYZER_NONNULL = YES;
				CLANG_CXX_LANGUAGE_STANDARD = "gnu++0x";
				CLANG_CXX_LIBRARY = "libc++";
				CLANG_ENABLE_MODULES = YES;
				CLANG_ENABLE_OBJC_ARC = YES;
				CLANG_WARN_BOOL_CONVERSION = YES;
				CLANG_WARN_CONSTANT_CONVERSION = YES;
				CLANG_WARN_DIRECT_OBJC_ISA_USAGE = YES_ERROR;
				CLANG_WARN_EMPTY_BODY = YES;
				CLANG_WARN_ENUM_CONVERSION = YES;
				CLANG_WARN_INT_CONVERSION = YES;
				CLANG_WARN_OBJC_ROOT_CLASS = YES_ERROR;
				CLANG_WARN_UNREACHABLE_CODE = YES;
				CLANG_WARN__DUPLICATE_METHOD_MATCH = YES;
				"CODE_SIGN_IDENTITY[sdk=iphoneos*]" = "iPhone Developer";
				COPY_PHASE_STRIP = NO;
				DEBUG_INFORMATION_FORMAT = "dwarf-with-dsym";
				ENABLE_NS_ASSERTIONS = NO;
				ENABLE_STRICT_OBJC_MSGSEND = YES;
				GCC_C_LANGUAGE_STANDARD = gnu99;
				GCC_NO_COMMON_BLOCKS = YES;
				GCC_WARN_64_TO_32_BIT_CONVERSION = YES;
				GCC_WARN_ABOUT_RETURN_TYPE = YES_ERROR;
				GCC_WARN_UNDECLARED_SELECTOR = YES;
				GCC_WARN_UNINITIALIZED_AUTOS = YES_AGGRESSIVE;
				GCC_WARN_UNUSED_FUNCTION = YES;
				GCC_WARN_UNUSED_VARIABLE = YES;
				IPHONEOS_DEPLOYMENT_TARGET = 9.3;
				MTL_ENABLE_DEBUG_INFO = NO;
				SDKROOT = iphoneos;
				TARGETED_DEVICE_FAMILY = "1,2";
				VALIDATE_PRODUCT = YES;
			};
			name = Release;
		};
		65E407891EAF8793006279B9 /* Debug */ = {
			isa = XCBuildConfiguration;
			buildSettings = {
				ASSETCATALOG_COMPILER_APPICON_NAME = AppIcon;
				INFOPLIST_FILE = views/Info.plist;
				LD_RUNPATH_SEARCH_PATHS = "$(inherited) @executable_path/Frameworks";
				PRODUCT_BUNDLE_IDENTIFIER = com.danielfr.ios.pocs.stanford.views;
				PRODUCT_NAME = "$(TARGET_NAME)";
			};
			name = Debug;
		};
		65E4078A1EAF8793006279B9 /* Release */ = {
			isa = XCBuildConfiguration;
			buildSettings = {
				ASSETCATALOG_COMPILER_APPICON_NAME = AppIcon;
				INFOPLIST_FILE = views/Info.plist;
				LD_RUNPATH_SEARCH_PATHS = "$(inherited) @executable_path/Frameworks";
				PRODUCT_BUNDLE_IDENTIFIER = com.danielfr.ios.pocs.stanford.views;
				PRODUCT_NAME = "$(TARGET_NAME)";
			};
			name = Release;
		};
/* End XCBuildConfiguration section */

/* Begin XCConfigurationList section */
		65E407711EAF8792006279B9 /* Build configuration list for PBXProject "views" */ = {
			isa = XCConfigurationList;
			buildConfigurations = (
				65E407861EAF8793006279B9 /* Debug */,
				65E407871EAF8793006279B9 /* Release */,
			);
			defaultConfigurationIsVisible = 0;
			defaultConfigurationName = Release;
		};
		65E407881EAF8793006279B9 /* Build configuration list for PBXNativeTarget "views" */ = {
			isa = XCConfigurationList;
			buildConfigurations = (
				65E407891EAF8793006279B9 /* Debug */,
				65E4078A1EAF8793006279B9 /* Release */,
			);
			defaultConfigurationIsVisible = 0;
		};
/* End XCConfigurationList section */
	};
	rootObject = 65E4076E1EAF8792006279B9 /* Project object */;
}
